<?xml version="1.0" encoding="utf-8"?>
<Project ToolsVersion="4.0" xmlns="http://schemas.microsoft.com/developer/msbuild/2003">
  <ItemGroup>
    <Filter Include="Source Files">
      <UniqueIdentifier>{4FC737F1-C7A5-4376-A066-2A32D752A2FF}</UniqueIdentifier>
      <Extensions>cpp;c;cc;cxx;def;odl;idl;hpj;bat;asm;asmx</Extensions>
    </Filter>
    <Filter Include="Header Files">
      <UniqueIdentifier>{93995380-89BD-4b04-88EB-625FBE52EBFB}</UniqueIdentifier>
      <Extensions>h;hpp;hxx;hm;inl;inc;xsd</Extensions>
    </Filter>
    <Filter Include="Resource Files">
      <UniqueIdentifier>{67DA6AB6-F800-4c08-8B7A-83BB121AAD01}</UniqueIdentifier>
      <Extensions>rc;ico;cur;bmp;dlg;rc2;rct;bin;rgs;gif;jpg;jpeg;jpe;resx;tiff;tif;png;wav;mfcribbon-ms</Extensions>
    </Filter>
    <Filter Include="Source Files\game">
      <UniqueIdentifier>{9710c523-21bf-4710-89ee-918cffe36c13}</UniqueIdentifier>
    </Filter>
    <Filter Include="Source Files\graphics">
      <UniqueIdentifier>{e8efb70f-45e6-4023-8cd4-db6e5b59cc40}</UniqueIdentifier>
    </Filter>
    <Filter Include="Source Files\network">
      <UniqueIdentifier>{5f09105c-eaec-474a-a66d-3e8a1b2fcf3d}</UniqueIdentifier>
    </Filter>
    <Filter Include="Header Files\game">
      <UniqueIdentifier>{a8cb8535-fc3b-44d7-8fe5-023f02556278}</UniqueIdentifier>
    </Filter>
    <Filter Include="Header Files\graphics">
      <UniqueIdentifier>{8163ba4c-01f0-4763-b341-a068bda67372}</UniqueIdentifier>
    </Filter>
    <Filter Include="Header Files\network">
      <UniqueIdentifier>{b91ecf64-4a70-43d5-ae9f-a218e18e1d6d}</UniqueIdentifier>
    </Filter>
    <Filter Include="Header Files\utils">
      <UniqueIdentifier>{2c3919dd-3b4a-407e-996c-71b875716dd6}</UniqueIdentifier>
    </Filter>
    <Filter Include="Header Files\sound">
      <UniqueIdentifier>{7dc955c1-c578-4789-9d5f-523c378534c4}</UniqueIdentifier>
    </Filter>
    <Filter Include="Source Files\utils">
      <UniqueIdentifier>{3505302a-d152-49a2-b199-fe0e0eb5d773}</UniqueIdentifier>
    </Filter>
    <Filter Include="Source Files\sound">
      <UniqueIdentifier>{7a38cb54-405c-4db7-8621-e270d69b8b9d}</UniqueIdentifier>
    </Filter>
    <Filter Include="Source Files\entities">
      <UniqueIdentifier>{bbcf209e-e15f-4fc4-a8d3-e302914f7628}</UniqueIdentifier>
    </Filter>
    <Filter Include="Header Files\entities">
      <UniqueIdentifier>{a3dc5892-870c-4107-b9f2-69e12fecacf8}</UniqueIdentifier>
    </Filter>
    <Filter Include="Header Files\events">
      <UniqueIdentifier>{1b9e1cc9-1961-4701-a1c6-31183c24b27c}</UniqueIdentifier>
    </Filter>
    <Filter Include="Source Files\events">
      <UniqueIdentifier>{6f64819e-578b-435e-ae36-f2fa996e7f8b}</UniqueIdentifier>
    </Filter>
    <Filter Include="Raknet">
      <UniqueIdentifier>{6d3c6f26-1c1a-43a6-86d1-3a3f5c6f55d2}</UniqueIdentifier>
    </Filter>
    <Filter Include="Source Files\graphics\ui">
      <UniqueIdentifier>{cbebe98a-6332-4505-bc85-fd4fda9caade}</UniqueIdentifier>
    </Filter>
    <Filter Include="Header Files\utils\rapidxml">
      <UniqueIdentifier>{bf6086bd-c529-4fd9-8167-308ea78ada75}</UniqueIdentifier>
    </Filter>
  </ItemGroup>
  <ItemGroup>
    <ClCompile Include="main.cpp">
      <Filter>Source Files</Filter>
    </ClCompile>
    <ClCompile Include="utils.cpp">
      <Filter>Source Files\utils</Filter>
    </ClCompile>
    <ClCompile Include="engine.cpp">
      <Filter>Source Files</Filter>
    </ClCompile>
    <ClCompile Include="game_engine.cpp">
      <Filter>Source Files\game</Filter>
    </ClCompile>
    <ClCompile Include="graphics_engine.cpp">
      <Filter>Source Files\graphics</Filter>
    </ClCompile>
    <ClCompile Include="network_engine.cpp">
      <Filter>Source Files\network</Filter>
    </ClCompile>
    <ClCompile Include="sound_engine.cpp">
      <Filter>Source Files\sound</Filter>
    </ClCompile>
    <ClCompile Include="plane.cpp">
      <Filter>Source Files\entities</Filter>
    </ClCompile>
    <ClCompile Include="player.cpp">
      <Filter>Source Files\entities</Filter>
    </ClCompile>
    <ClCompile Include="map.cpp">
      <Filter>Source Files\entities</Filter>
    </ClCompile>
    <ClCompile Include="cgui.cpp">
      <Filter>Source Files\graphics</Filter>
    </ClCompile>
    <ClCompile Include="MainEventListener.cpp">
      <Filter>Source Files\graphics</Filter>
    </ClCompile>
    <ClCompile Include="app.cpp">
      <Filter>Source Files</Filter>
    </ClCompile>
    <ClCompile Include="GLOBALS.cpp">
      <Filter>Source Files\utils</Filter>
    </ClCompile>
    <ClCompile Include="game.cpp">
      <Filter>Source Files</Filter>
    </ClCompile>
    <ClCompile Include="XMLParser.cpp">
      <Filter>Source Files\utils</Filter>
    </ClCompile>
    <ClCompile Include="..\Libraries\Raknet\include\_FindFirst.cpp">
      <Filter>Raknet</Filter>
    </ClCompile>
    <ClCompile Include="..\Libraries\Raknet\include\Base64Encoder.cpp">
      <Filter>Raknet</Filter>
    </ClCompile>
    <ClCompile Include="..\Libraries\Raknet\include\BitStream.cpp">
      <Filter>Raknet</Filter>
    </ClCompile>
    <ClCompile Include="..\Libraries\Raknet\include\CCRakNetSlidingWindow.cpp">
      <Filter>Raknet</Filter>
    </ClCompile>
    <ClCompile Include="..\Libraries\Raknet\include\CCRakNetUDT.cpp">
      <Filter>Raknet</Filter>
    </ClCompile>
    <ClCompile Include="..\Libraries\Raknet\include\CheckSum.cpp">
      <Filter>Raknet</Filter>
    </ClCompile>
    <ClCompile Include="..\Libraries\Raknet\include\CloudClient.cpp">
      <Filter>Raknet</Filter>
    </ClCompile>
    <ClCompile Include="..\Libraries\Raknet\include\CloudCommon.cpp">
      <Filter>Raknet</Filter>
    </ClCompile>
    <ClCompile Include="..\Libraries\Raknet\include\CloudServer.cpp">
      <Filter>Raknet</Filter>
    </ClCompile>
    <ClCompile Include="..\Libraries\Raknet\include\CommandParserInterface.cpp">
      <Filter>Raknet</Filter>
    </ClCompile>
    <ClCompile Include="..\Libraries\Raknet\include\ConnectionGraph2.cpp">
      <Filter>Raknet</Filter>
    </ClCompile>
    <ClCompile Include="..\Libraries\Raknet\include\ConsoleServer.cpp">
      <Filter>Raknet</Filter>
    </ClCompile>
    <ClCompile Include="..\Libraries\Raknet\include\DataCompressor.cpp">
      <Filter>Raknet</Filter>
    </ClCompile>
    <ClCompile Include="..\Libraries\Raknet\include\DirectoryDeltaTransfer.cpp">
      <Filter>Raknet</Filter>
    </ClCompile>
    <ClCompile Include="..\Libraries\Raknet\include\DS_BytePool.cpp">
      <Filter>Raknet</Filter>
    </ClCompile>
    <ClCompile Include="..\Libraries\Raknet\include\DS_ByteQueue.cpp">
      <Filter>Raknet</Filter>
    </ClCompile>
    <ClCompile Include="..\Libraries\Raknet\include\DS_HuffmanEncodingTree.cpp">
      <Filter>Raknet</Filter>
    </ClCompile>
    <ClCompile Include="..\Libraries\Raknet\include\DS_Table.cpp">
      <Filter>Raknet</Filter>
    </ClCompile>
    <ClCompile Include="..\Libraries\Raknet\include\DynDNS.cpp">
      <Filter>Raknet</Filter>
    </ClCompile>
    <ClCompile Include="..\Libraries\Raknet\include\EmailSender.cpp">
      <Filter>Raknet</Filter>
    </ClCompile>
    <ClCompile Include="..\Libraries\Raknet\include\EpochTimeToString.cpp">
      <Filter>Raknet</Filter>
    </ClCompile>
    <ClCompile Include="..\Libraries\Raknet\include\FileList.cpp">
      <Filter>Raknet</Filter>
    </ClCompile>
    <ClCompile Include="..\Libraries\Raknet\include\FileListTransfer.cpp">
      <Filter>Raknet</Filter>
    </ClCompile>
    <ClCompile Include="..\Libraries\Raknet\include\FileOperations.cpp">
      <Filter>Raknet</Filter>
    </ClCompile>
    <ClCompile Include="..\Libraries\Raknet\include\FormatString.cpp">
      <Filter>Raknet</Filter>
    </ClCompile>
    <ClCompile Include="..\Libraries\Raknet\include\FullyConnectedMesh2.cpp">
      <Filter>Raknet</Filter>
    </ClCompile>
    <ClCompile Include="..\Libraries\Raknet\include\Getche.cpp">
      <Filter>Raknet</Filter>
    </ClCompile>
    <ClCompile Include="..\Libraries\Raknet\include\Gets.cpp">
      <Filter>Raknet</Filter>
    </ClCompile>
    <ClCompile Include="..\Libraries\Raknet\include\GetTime.cpp">
      <Filter>Raknet</Filter>
    </ClCompile>
    <ClCompile Include="..\Libraries\Raknet\include\gettimeofday.cpp">
      <Filter>Raknet</Filter>
    </ClCompile>
    <ClCompile Include="..\Libraries\Raknet\include\GridSectorizer.cpp">
      <Filter>Raknet</Filter>
    </ClCompile>
    <ClCompile Include="..\Libraries\Raknet\include\HTTPConnection.cpp">
      <Filter>Raknet</Filter>
    </ClCompile>
    <ClCompile Include="..\Libraries\Raknet\include\HTTPConnection2.cpp">
      <Filter>Raknet</Filter>
    </ClCompile>
    <ClCompile Include="..\Libraries\Raknet\include\IncrementalReadInterface.cpp">
      <Filter>Raknet</Filter>
    </ClCompile>
    <ClCompile Include="..\Libraries\Raknet\include\Itoa.cpp">
      <Filter>Raknet</Filter>
    </ClCompile>
    <ClCompile Include="..\Libraries\Raknet\include\LinuxStrings.cpp">
      <Filter>Raknet</Filter>
    </ClCompile>
    <ClCompile Include="..\Libraries\Raknet\include\LocklessTypes.cpp">
      <Filter>Raknet</Filter>
    </ClCompile>
    <ClCompile Include="..\Libraries\Raknet\include\LogCommandParser.cpp">
      <Filter>Raknet</Filter>
    </ClCompile>
    <ClCompile Include="..\Libraries\Raknet\include\MessageFilter.cpp">
      <Filter>Raknet</Filter>
    </ClCompile>
    <ClCompile Include="..\Libraries\Raknet\include\NatPunchthroughClient.cpp">
      <Filter>Raknet</Filter>
    </ClCompile>
    <ClCompile Include="..\Libraries\Raknet\include\NatPunchthroughServer.cpp">
      <Filter>Raknet</Filter>
    </ClCompile>
    <ClCompile Include="..\Libraries\Raknet\include\NatTypeDetectionClient.cpp">
      <Filter>Raknet</Filter>
    </ClCompile>
    <ClCompile Include="..\Libraries\Raknet\include\NatTypeDetectionCommon.cpp">
      <Filter>Raknet</Filter>
    </ClCompile>
    <ClCompile Include="..\Libraries\Raknet\include\NatTypeDetectionServer.cpp">
      <Filter>Raknet</Filter>
    </ClCompile>
    <ClCompile Include="..\Libraries\Raknet\include\NetworkIDManager.cpp">
      <Filter>Raknet</Filter>
    </ClCompile>
    <ClCompile Include="..\Libraries\Raknet\include\NetworkIDObject.cpp">
      <Filter>Raknet</Filter>
    </ClCompile>
    <ClCompile Include="..\Libraries\Raknet\include\PacketConsoleLogger.cpp">
      <Filter>Raknet</Filter>
    </ClCompile>
    <ClCompile Include="..\Libraries\Raknet\include\PacketFileLogger.cpp">
      <Filter>Raknet</Filter>
    </ClCompile>
    <ClCompile Include="..\Libraries\Raknet\include\PacketizedTCP.cpp">
      <Filter>Raknet</Filter>
    </ClCompile>
    <ClCompile Include="..\Libraries\Raknet\include\PacketLogger.cpp">
      <Filter>Raknet</Filter>
    </ClCompile>
    <ClCompile Include="..\Libraries\Raknet\include\PacketOutputWindowLogger.cpp">
      <Filter>Raknet</Filter>
    </ClCompile>
    <ClCompile Include="..\Libraries\Raknet\include\PluginInterface2.cpp">
      <Filter>Raknet</Filter>
    </ClCompile>
    <ClCompile Include="..\Libraries\Raknet\include\Rackspace.cpp">
      <Filter>Raknet</Filter>
    </ClCompile>
    <ClCompile Include="..\Libraries\Raknet\include\RakMemoryOverride.cpp">
      <Filter>Raknet</Filter>
    </ClCompile>
    <ClCompile Include="..\Libraries\Raknet\include\RakNetCommandParser.cpp">
      <Filter>Raknet</Filter>
    </ClCompile>
    <ClCompile Include="..\Libraries\Raknet\include\RakNetSocket.cpp">
      <Filter>Raknet</Filter>
    </ClCompile>
    <ClCompile Include="..\Libraries\Raknet\include\RakNetSocket2.cpp">
      <Filter>Raknet</Filter>
    </ClCompile>
    <ClCompile Include="..\Libraries\Raknet\include\RakNetSocket2_360_720.cpp">
      <Filter>Raknet</Filter>
    </ClCompile>
    <ClCompile Include="..\Libraries\Raknet\include\RakNetSocket2_Berkley.cpp">
      <Filter>Raknet</Filter>
    </ClCompile>
    <ClCompile Include="..\Libraries\Raknet\include\RakNetSocket2_Berkley_NativeClient.cpp">
      <Filter>Raknet</Filter>
    </ClCompile>
    <ClCompile Include="..\Libraries\Raknet\include\RakNetSocket2_NativeClient.cpp">
      <Filter>Raknet</Filter>
    </ClCompile>
    <ClCompile Include="..\Libraries\Raknet\include\RakNetSocket2_PS3_PS4.cpp">
      <Filter>Raknet</Filter>
    </ClCompile>
    <ClCompile Include="..\Libraries\Raknet\include\RakNetSocket2_Vita.cpp">
      <Filter>Raknet</Filter>
    </ClCompile>
    <ClCompile Include="..\Libraries\Raknet\include\RakNetSocket2_Windows_Linux.cpp">
      <Filter>Raknet</Filter>
    </ClCompile>
    <ClCompile Include="..\Libraries\Raknet\include\RakNetSocket2_Windows_Linux_360.cpp">
      <Filter>Raknet</Filter>
    </ClCompile>
    <ClCompile Include="..\Libraries\Raknet\include\RakNetSocket2_WindowsStore8.cpp">
      <Filter>Raknet</Filter>
    </ClCompile>
    <ClCompile Include="..\Libraries\Raknet\include\RakNetStatistics.cpp">
      <Filter>Raknet</Filter>
    </ClCompile>
    <ClCompile Include="..\Libraries\Raknet\include\RakNetTransport2.cpp">
      <Filter>Raknet</Filter>
    </ClCompile>
    <ClCompile Include="..\Libraries\Raknet\include\RakNetTypes.cpp">
      <Filter>Raknet</Filter>
    </ClCompile>
    <ClCompile Include="..\Libraries\Raknet\include\RakPeer.cpp">
      <Filter>Raknet</Filter>
    </ClCompile>
    <ClCompile Include="..\Libraries\Raknet\include\RakSleep.cpp">
      <Filter>Raknet</Filter>
    </ClCompile>
    <ClCompile Include="..\Libraries\Raknet\include\RakString.cpp">
      <Filter>Raknet</Filter>
    </ClCompile>
    <ClCompile Include="..\Libraries\Raknet\include\RakThread.cpp">
      <Filter>Raknet</Filter>
    </ClCompile>
    <ClCompile Include="..\Libraries\Raknet\include\RakWString.cpp">
      <Filter>Raknet</Filter>
    </ClCompile>
    <ClCompile Include="..\Libraries\Raknet\include\Rand.cpp">
      <Filter>Raknet</Filter>
    </ClCompile>
    <ClCompile Include="..\Libraries\Raknet\include\ReadyEvent.cpp">
      <Filter>Raknet</Filter>
    </ClCompile>
    <ClCompile Include="..\Libraries\Raknet\include\RelayPlugin.cpp">
      <Filter>Raknet</Filter>
    </ClCompile>
    <ClCompile Include="..\Libraries\Raknet\include\ReliabilityLayer.cpp">
      <Filter>Raknet</Filter>
    </ClCompile>
    <ClCompile Include="..\Libraries\Raknet\include\ReplicaManager3.cpp">
      <Filter>Raknet</Filter>
    </ClCompile>
    <ClCompile Include="..\Libraries\Raknet\include\Router2.cpp">
      <Filter>Raknet</Filter>
    </ClCompile>
    <ClCompile Include="..\Libraries\Raknet\include\RPC4Plugin.cpp">
      <Filter>Raknet</Filter>
    </ClCompile>
    <ClCompile Include="..\Libraries\Raknet\include\SecureHandshake.cpp">
      <Filter>Raknet</Filter>
    </ClCompile>
    <ClCompile Include="..\Libraries\Raknet\include\SendToThread.cpp">
      <Filter>Raknet</Filter>
    </ClCompile>
    <ClCompile Include="..\Libraries\Raknet\include\SHA1.cpp">
      <Filter>Raknet</Filter>
    </ClCompile>
    <ClCompile Include="..\Libraries\Raknet\include\SignaledEvent.cpp">
      <Filter>Raknet</Filter>
    </ClCompile>
    <ClCompile Include="..\Libraries\Raknet\include\SimpleMutex.cpp">
      <Filter>Raknet</Filter>
    </ClCompile>
    <ClCompile Include="..\Libraries\Raknet\include\SocketLayer.cpp">
      <Filter>Raknet</Filter>
    </ClCompile>
    <ClCompile Include="..\Libraries\Raknet\include\StatisticsHistory.cpp">
      <Filter>Raknet</Filter>
    </ClCompile>
    <ClCompile Include="..\Libraries\Raknet\include\StringCompressor.cpp">
      <Filter>Raknet</Filter>
    </ClCompile>
    <ClCompile Include="..\Libraries\Raknet\include\StringTable.cpp">
      <Filter>Raknet</Filter>
    </ClCompile>
    <ClCompile Include="..\Libraries\Raknet\include\SuperFastHash.cpp">
      <Filter>Raknet</Filter>
    </ClCompile>
    <ClCompile Include="..\Libraries\Raknet\include\TableSerializer.cpp">
      <Filter>Raknet</Filter>
    </ClCompile>
    <ClCompile Include="..\Libraries\Raknet\include\TCPInterface.cpp">
      <Filter>Raknet</Filter>
    </ClCompile>
    <ClCompile Include="..\Libraries\Raknet\include\TeamBalancer.cpp">
      <Filter>Raknet</Filter>
    </ClCompile>
    <ClCompile Include="..\Libraries\Raknet\include\TeamManager.cpp">
      <Filter>Raknet</Filter>
    </ClCompile>
    <ClCompile Include="..\Libraries\Raknet\include\TelnetTransport.cpp">
      <Filter>Raknet</Filter>
    </ClCompile>
    <ClCompile Include="..\Libraries\Raknet\include\ThreadsafePacketLogger.cpp">
      <Filter>Raknet</Filter>
    </ClCompile>
    <ClCompile Include="..\Libraries\Raknet\include\TwoWayAuthentication.cpp">
      <Filter>Raknet</Filter>
    </ClCompile>
    <ClCompile Include="..\Libraries\Raknet\include\UDPForwarder.cpp">
      <Filter>Raknet</Filter>
    </ClCompile>
    <ClCompile Include="..\Libraries\Raknet\include\UDPProxyClient.cpp">
      <Filter>Raknet</Filter>
    </ClCompile>
    <ClCompile Include="..\Libraries\Raknet\include\UDPProxyCoordinator.cpp">
      <Filter>Raknet</Filter>
    </ClCompile>
    <ClCompile Include="..\Libraries\Raknet\include\UDPProxyServer.cpp">
      <Filter>Raknet</Filter>
    </ClCompile>
    <ClCompile Include="..\Libraries\Raknet\include\VariableDeltaSerializer.cpp">
      <Filter>Raknet</Filter>
    </ClCompile>
    <ClCompile Include="..\Libraries\Raknet\include\VariableListDeltaTracker.cpp">
      <Filter>Raknet</Filter>
    </ClCompile>
    <ClCompile Include="..\Libraries\Raknet\include\VariadicSQLParser.cpp">
      <Filter>Raknet</Filter>
    </ClCompile>
    <ClCompile Include="..\Libraries\Raknet\include\VitaIncludes.cpp">
      <Filter>Raknet</Filter>
    </ClCompile>
    <ClCompile Include="..\Libraries\Raknet\include\WSAStartupSingleton.cpp">
      <Filter>Raknet</Filter>
    </ClCompile>
    <ClCompile Include="faction.cpp">
      <Filter>Source Files\entities</Filter>
    </ClCompile>
    <ClCompile Include="ui_main_menu.cpp">
      <Filter>Source Files\graphics\ui</Filter>
    </ClCompile>
    <ClCompile Include="server_manager.cpp">
      <Filter>Source Files\utils</Filter>
    </ClCompile>
    <ClCompile Include="ui_plane_selection.cpp">
      <Filter>Source Files\graphics\ui</Filter>
    </ClCompile>
    <ClCompile Include="ui_team_selection.cpp">
      <Filter>Source Files\graphics\ui</Filter>
    </ClCompile>
    <ClCompile Include="particle_emitter.cpp">
      <Filter>Source Files\graphics</Filter>
    </ClCompile>
    <ClCompile Include="particle_manager.cpp">
      <Filter>Source Files\graphics</Filter>
    </ClCompile>
    <ClCompile Include="ui_ingame_menu.cpp">
      <Filter>Source Files\graphics\ui</Filter>
    </ClCompile>
  </ItemGroup>
  <ItemGroup>
    <ClInclude Include="utils.h">
      <Filter>Header Files\utils</Filter>
    </ClInclude>
    <ClInclude Include="engine.h">
      <Filter>Header Files</Filter>
    </ClInclude>
    <ClInclude Include="game_engine.h">
      <Filter>Header Files\game</Filter>
    </ClInclude>
    <ClInclude Include="graphics_engine.h">
      <Filter>Header Files\graphics</Filter>
    </ClInclude>
    <ClInclude Include="network_engine.h">
      <Filter>Header Files\network</Filter>
    </ClInclude>
    <ClInclude Include="sound_engine.h">
      <Filter>Header Files\sound</Filter>
    </ClInclude>
    <ClInclude Include="player.h">
      <Filter>Header Files\entities</Filter>
    </ClInclude>
    <ClInclude Include="plane.h">
      <Filter>Header Files\entities</Filter>
    </ClInclude>
    <ClInclude Include="map.h">
      <Filter>Header Files\entities</Filter>
    </ClInclude>
    <ClInclude Include="cgui.h">
      <Filter>Header Files\graphics</Filter>
    </ClInclude>
    <ClInclude Include="MainEventListener.h">
      <Filter>Header Files\graphics</Filter>
    </ClInclude>
    <ClInclude Include="app.h">
      <Filter>Header Files</Filter>
    </ClInclude>
    <ClInclude Include="GLOBALS.h">
      <Filter>Header Files\utils</Filter>
    </ClInclude>
    <ClInclude Include="game.h">
      <Filter>Header Files</Filter>
    </ClInclude>
    <ClInclude Include="XMLParser.h">
      <Filter>Header Files\utils</Filter>
    </ClInclude>
    <ClInclude Include="Event_OnBindedKeyHited.h">
      <Filter>Header Files\events</Filter>
    </ClInclude>
    <ClInclude Include="events.h">
      <Filter>Header Files\events</Filter>
    </ClInclude>
    <ClInclude Include="..\Libraries\Raknet\include\_FindFirst.h">
      <Filter>Raknet</Filter>
    </ClInclude>
    <ClInclude Include="..\Libraries\Raknet\include\AutopatcherPatchContext.h">
      <Filter>Raknet</Filter>
    </ClInclude>
    <ClInclude Include="..\Libraries\Raknet\include\AutopatcherRepositoryInterface.h">
      <Filter>Raknet</Filter>
    </ClInclude>
    <ClInclude Include="..\Libraries\Raknet\include\Base64Encoder.h">
      <Filter>Raknet</Filter>
    </ClInclude>
    <ClInclude Include="..\Libraries\Raknet\include\BitStream.h">
      <Filter>Raknet</Filter>
    </ClInclude>
    <ClInclude Include="..\Libraries\Raknet\include\CCRakNetSlidingWindow.h">
      <Filter>Raknet</Filter>
    </ClInclude>
    <ClInclude Include="..\Libraries\Raknet\include\CCRakNetUDT.h">
      <Filter>Raknet</Filter>
    </ClInclude>
    <ClInclude Include="..\Libraries\Raknet\include\CheckSum.h">
      <Filter>Raknet</Filter>
    </ClInclude>
    <ClInclude Include="..\Libraries\Raknet\include\CloudClient.h">
      <Filter>Raknet</Filter>
    </ClInclude>
    <ClInclude Include="..\Libraries\Raknet\include\CloudCommon.h">
      <Filter>Raknet</Filter>
    </ClInclude>
    <ClInclude Include="..\Libraries\Raknet\include\CloudServer.h">
      <Filter>Raknet</Filter>
    </ClInclude>
    <ClInclude Include="..\Libraries\Raknet\include\CommandParserInterface.h">
      <Filter>Raknet</Filter>
    </ClInclude>
    <ClInclude Include="..\Libraries\Raknet\include\ConnectionGraph2.h">
      <Filter>Raknet</Filter>
    </ClInclude>
    <ClInclude Include="..\Libraries\Raknet\include\ConsoleServer.h">
      <Filter>Raknet</Filter>
    </ClInclude>
    <ClInclude Include="..\Libraries\Raknet\include\DataCompressor.h">
      <Filter>Raknet</Filter>
    </ClInclude>
    <ClInclude Include="..\Libraries\Raknet\include\DirectoryDeltaTransfer.h">
      <Filter>Raknet</Filter>
    </ClInclude>
    <ClInclude Include="..\Libraries\Raknet\include\DS_BinarySearchTree.h">
      <Filter>Raknet</Filter>
    </ClInclude>
    <ClInclude Include="..\Libraries\Raknet\include\DS_BPlusTree.h">
      <Filter>Raknet</Filter>
    </ClInclude>
    <ClInclude Include="..\Libraries\Raknet\include\DS_BytePool.h">
      <Filter>Raknet</Filter>
    </ClInclude>
    <ClInclude Include="..\Libraries\Raknet\include\DS_ByteQueue.h">
      <Filter>Raknet</Filter>
    </ClInclude>
    <ClInclude Include="..\Libraries\Raknet\include\DS_Hash.h">
      <Filter>Raknet</Filter>
    </ClInclude>
    <ClInclude Include="..\Libraries\Raknet\include\DS_Heap.h">
      <Filter>Raknet</Filter>
    </ClInclude>
    <ClInclude Include="..\Libraries\Raknet\include\DS_HuffmanEncodingTree.h">
      <Filter>Raknet</Filter>
    </ClInclude>
    <ClInclude Include="..\Libraries\Raknet\include\DS_HuffmanEncodingTreeFactory.h">
      <Filter>Raknet</Filter>
    </ClInclude>
    <ClInclude Include="..\Libraries\Raknet\include\DS_HuffmanEncodingTreeNode.h">
      <Filter>Raknet</Filter>
    </ClInclude>
    <ClInclude Include="..\Libraries\Raknet\include\DS_LinkedList.h">
      <Filter>Raknet</Filter>
    </ClInclude>
    <ClInclude Include="..\Libraries\Raknet\include\DS_List.h">
      <Filter>Raknet</Filter>
    </ClInclude>
    <ClInclude Include="..\Libraries\Raknet\include\DS_Map.h">
      <Filter>Raknet</Filter>
    </ClInclude>
    <ClInclude Include="..\Libraries\Raknet\include\DS_MemoryPool.h">
      <Filter>Raknet</Filter>
    </ClInclude>
    <ClInclude Include="..\Libraries\Raknet\include\DS_Multilist.h">
      <Filter>Raknet</Filter>
    </ClInclude>
    <ClInclude Include="..\Libraries\Raknet\include\DS_OrderedChannelHeap.h">
      <Filter>Raknet</Filter>
    </ClInclude>
    <ClInclude Include="..\Libraries\Raknet\include\DS_OrderedList.h">
      <Filter>Raknet</Filter>
    </ClInclude>
    <ClInclude Include="..\Libraries\Raknet\include\DS_Queue.h">
      <Filter>Raknet</Filter>
    </ClInclude>
    <ClInclude Include="..\Libraries\Raknet\include\DS_QueueLinkedList.h">
      <Filter>Raknet</Filter>
    </ClInclude>
    <ClInclude Include="..\Libraries\Raknet\include\DS_RangeList.h">
      <Filter>Raknet</Filter>
    </ClInclude>
    <ClInclude Include="..\Libraries\Raknet\include\DS_Table.h">
      <Filter>Raknet</Filter>
    </ClInclude>
    <ClInclude Include="..\Libraries\Raknet\include\DS_ThreadsafeAllocatingQueue.h">
      <Filter>Raknet</Filter>
    </ClInclude>
    <ClInclude Include="..\Libraries\Raknet\include\DS_Tree.h">
      <Filter>Raknet</Filter>
    </ClInclude>
    <ClInclude Include="..\Libraries\Raknet\include\DS_WeightedGraph.h">
      <Filter>Raknet</Filter>
    </ClInclude>
    <ClInclude Include="..\Libraries\Raknet\include\DynDNS.h">
      <Filter>Raknet</Filter>
    </ClInclude>
    <ClInclude Include="..\Libraries\Raknet\include\EmailSender.h">
      <Filter>Raknet</Filter>
    </ClInclude>
    <ClInclude Include="..\Libraries\Raknet\include\EmptyHeader.h">
      <Filter>Raknet</Filter>
    </ClInclude>
    <ClInclude Include="..\Libraries\Raknet\include\EpochTimeToString.h">
      <Filter>Raknet</Filter>
    </ClInclude>
    <ClInclude Include="..\Libraries\Raknet\include\Export.h">
      <Filter>Raknet</Filter>
    </ClInclude>
    <ClInclude Include="..\Libraries\Raknet\include\FileList.h">
      <Filter>Raknet</Filter>
    </ClInclude>
    <ClInclude Include="..\Libraries\Raknet\include\FileListNodeContext.h">
      <Filter>Raknet</Filter>
    </ClInclude>
    <ClInclude Include="..\Libraries\Raknet\include\FileListTransfer.h">
      <Filter>Raknet</Filter>
    </ClInclude>
    <ClInclude Include="..\Libraries\Raknet\include\FileListTransferCBInterface.h">
      <Filter>Raknet</Filter>
    </ClInclude>
    <ClInclude Include="..\Libraries\Raknet\include\FileOperations.h">
      <Filter>Raknet</Filter>
    </ClInclude>
    <ClInclude Include="..\Libraries\Raknet\include\FormatString.h">
      <Filter>Raknet</Filter>
    </ClInclude>
    <ClInclude Include="..\Libraries\Raknet\include\FullyConnectedMesh2.h">
      <Filter>Raknet</Filter>
    </ClInclude>
    <ClInclude Include="..\Libraries\Raknet\include\Getche.h">
      <Filter>Raknet</Filter>
    </ClInclude>
    <ClInclude Include="..\Libraries\Raknet\include\Gets.h">
      <Filter>Raknet</Filter>
    </ClInclude>
    <ClInclude Include="..\Libraries\Raknet\include\GetTime.h">
      <Filter>Raknet</Filter>
    </ClInclude>
    <ClInclude Include="..\Libraries\Raknet\include\gettimeofday.h">
      <Filter>Raknet</Filter>
    </ClInclude>
    <ClInclude Include="..\Libraries\Raknet\include\GridSectorizer.h">
      <Filter>Raknet</Filter>
    </ClInclude>
    <ClInclude Include="..\Libraries\Raknet\include\HTTPConnection.h">
      <Filter>Raknet</Filter>
    </ClInclude>
    <ClInclude Include="..\Libraries\Raknet\include\HTTPConnection2.h">
      <Filter>Raknet</Filter>
    </ClInclude>
    <ClInclude Include="..\Libraries\Raknet\include\IncrementalReadInterface.h">
      <Filter>Raknet</Filter>
    </ClInclude>
    <ClInclude Include="..\Libraries\Raknet\include\InternalPacket.h">
      <Filter>Raknet</Filter>
    </ClInclude>
    <ClInclude Include="..\Libraries\Raknet\include\Itoa.h">
      <Filter>Raknet</Filter>
    </ClInclude>
    <ClInclude Include="..\Libraries\Raknet\include\Kbhit.h">
      <Filter>Raknet</Filter>
    </ClInclude>
    <ClInclude Include="..\Libraries\Raknet\include\LinuxStrings.h">
      <Filter>Raknet</Filter>
    </ClInclude>
    <ClInclude Include="..\Libraries\Raknet\include\LocklessTypes.h">
      <Filter>Raknet</Filter>
    </ClInclude>
    <ClInclude Include="..\Libraries\Raknet\include\LogCommandParser.h">
      <Filter>Raknet</Filter>
    </ClInclude>
    <ClInclude Include="..\Libraries\Raknet\include\MessageFilter.h">
      <Filter>Raknet</Filter>
    </ClInclude>
    <ClInclude Include="..\Libraries\Raknet\include\MessageIdentifiers.h">
      <Filter>Raknet</Filter>
    </ClInclude>
    <ClInclude Include="..\Libraries\Raknet\include\MTUSize.h">
      <Filter>Raknet</Filter>
    </ClInclude>
    <ClInclude Include="..\Libraries\Raknet\include\NativeFeatureIncludes.h">
      <Filter>Raknet</Filter>
    </ClInclude>
    <ClInclude Include="..\Libraries\Raknet\include\NativeFeatureIncludesOverrides.h">
      <Filter>Raknet</Filter>
    </ClInclude>
    <ClInclude Include="..\Libraries\Raknet\include\NativeTypes.h">
      <Filter>Raknet</Filter>
    </ClInclude>
    <ClInclude Include="..\Libraries\Raknet\include\NatPunchthroughClient.h">
      <Filter>Raknet</Filter>
    </ClInclude>
    <ClInclude Include="..\Libraries\Raknet\include\NatPunchthroughServer.h">
      <Filter>Raknet</Filter>
    </ClInclude>
    <ClInclude Include="..\Libraries\Raknet\include\NatTypeDetectionClient.h">
      <Filter>Raknet</Filter>
    </ClInclude>
    <ClInclude Include="..\Libraries\Raknet\include\NatTypeDetectionCommon.h">
      <Filter>Raknet</Filter>
    </ClInclude>
    <ClInclude Include="..\Libraries\Raknet\include\NatTypeDetectionServer.h">
      <Filter>Raknet</Filter>
    </ClInclude>
    <ClInclude Include="..\Libraries\Raknet\include\NetworkIDManager.h">
      <Filter>Raknet</Filter>
    </ClInclude>
    <ClInclude Include="..\Libraries\Raknet\include\NetworkIDObject.h">
      <Filter>Raknet</Filter>
    </ClInclude>
    <ClInclude Include="..\Libraries\Raknet\include\PacketConsoleLogger.h">
      <Filter>Raknet</Filter>
    </ClInclude>
    <ClInclude Include="..\Libraries\Raknet\include\PacketFileLogger.h">
      <Filter>Raknet</Filter>
    </ClInclude>
    <ClInclude Include="..\Libraries\Raknet\include\PacketizedTCP.h">
      <Filter>Raknet</Filter>
    </ClInclude>
    <ClInclude Include="..\Libraries\Raknet\include\PacketLogger.h">
      <Filter>Raknet</Filter>
    </ClInclude>
    <ClInclude Include="..\Libraries\Raknet\include\PacketOutputWindowLogger.h">
      <Filter>Raknet</Filter>
    </ClInclude>
    <ClInclude Include="..\Libraries\Raknet\include\PacketPool.h">
      <Filter>Raknet</Filter>
    </ClInclude>
    <ClInclude Include="..\Libraries\Raknet\include\PacketPriority.h">
      <Filter>Raknet</Filter>
    </ClInclude>
    <ClInclude Include="..\Libraries\Raknet\include\PluginInterface2.h">
      <Filter>Raknet</Filter>
    </ClInclude>
    <ClInclude Include="..\Libraries\Raknet\include\PS3Includes.h">
      <Filter>Raknet</Filter>
    </ClInclude>
    <ClInclude Include="..\Libraries\Raknet\include\Rackspace.h">
      <Filter>Raknet</Filter>
    </ClInclude>
    <ClInclude Include="..\Libraries\Raknet\include\RakAlloca.h">
      <Filter>Raknet</Filter>
    </ClInclude>
    <ClInclude Include="..\Libraries\Raknet\include\RakAssert.h">
      <Filter>Raknet</Filter>
    </ClInclude>
    <ClInclude Include="..\Libraries\Raknet\include\RakMemoryOverride.h">
      <Filter>Raknet</Filter>
    </ClInclude>
    <ClInclude Include="..\Libraries\Raknet\include\RakNetCommandParser.h">
      <Filter>Raknet</Filter>
    </ClInclude>
    <ClInclude Include="..\Libraries\Raknet\include\RakNetDefines.h">
      <Filter>Raknet</Filter>
    </ClInclude>
    <ClInclude Include="..\Libraries\Raknet\include\RakNetDefinesOverrides.h">
      <Filter>Raknet</Filter>
    </ClInclude>
    <ClInclude Include="..\Libraries\Raknet\include\RakNetSmartPtr.h">
      <Filter>Raknet</Filter>
    </ClInclude>
    <ClInclude Include="..\Libraries\Raknet\include\RakNetSocket.h">
      <Filter>Raknet</Filter>
    </ClInclude>
    <ClInclude Include="..\Libraries\Raknet\include\RakNetSocket2.h">
      <Filter>Raknet</Filter>
    </ClInclude>
    <ClInclude Include="..\Libraries\Raknet\include\RakNetStatistics.h">
      <Filter>Raknet</Filter>
    </ClInclude>
    <ClInclude Include="..\Libraries\Raknet\include\RakNetTime.h">
      <Filter>Raknet</Filter>
    </ClInclude>
    <ClInclude Include="..\Libraries\Raknet\include\RakNetTransport2.h">
      <Filter>Raknet</Filter>
    </ClInclude>
    <ClInclude Include="..\Libraries\Raknet\include\RakNetTypes.h">
      <Filter>Raknet</Filter>
    </ClInclude>
    <ClInclude Include="..\Libraries\Raknet\include\RakNetVersion.h">
      <Filter>Raknet</Filter>
    </ClInclude>
    <ClInclude Include="..\Libraries\Raknet\include\RakPeer.h">
      <Filter>Raknet</Filter>
    </ClInclude>
    <ClInclude Include="..\Libraries\Raknet\include\RakPeerInterface.h">
      <Filter>Raknet</Filter>
    </ClInclude>
    <ClInclude Include="..\Libraries\Raknet\include\RakSleep.h">
      <Filter>Raknet</Filter>
    </ClInclude>
    <ClInclude Include="..\Libraries\Raknet\include\RakString.h">
      <Filter>Raknet</Filter>
    </ClInclude>
    <ClInclude Include="..\Libraries\Raknet\include\RakThread.h">
      <Filter>Raknet</Filter>
    </ClInclude>
    <ClInclude Include="..\Libraries\Raknet\include\RakWString.h">
      <Filter>Raknet</Filter>
    </ClInclude>
    <ClInclude Include="..\Libraries\Raknet\include\Rand.h">
      <Filter>Raknet</Filter>
    </ClInclude>
    <ClInclude Include="..\Libraries\Raknet\include\ReadyEvent.h">
      <Filter>Raknet</Filter>
    </ClInclude>
    <ClInclude Include="..\Libraries\Raknet\include\RefCountedObj.h">
      <Filter>Raknet</Filter>
    </ClInclude>
    <ClInclude Include="..\Libraries\Raknet\include\RelayPlugin.h">
      <Filter>Raknet</Filter>
    </ClInclude>
    <ClInclude Include="..\Libraries\Raknet\include\ReliabilityLayer.h">
      <Filter>Raknet</Filter>
    </ClInclude>
    <ClInclude Include="..\Libraries\Raknet\include\ReplicaEnums.h">
      <Filter>Raknet</Filter>
    </ClInclude>
    <ClInclude Include="..\Libraries\Raknet\include\ReplicaManager3.h">
      <Filter>Raknet</Filter>
    </ClInclude>
    <ClInclude Include="..\Libraries\Raknet\include\Router2.h">
      <Filter>Raknet</Filter>
    </ClInclude>
    <ClInclude Include="..\Libraries\Raknet\include\RPC4Plugin.h">
      <Filter>Raknet</Filter>
    </ClInclude>
    <ClInclude Include="..\Libraries\Raknet\include\SecureHandshake.h">
      <Filter>Raknet</Filter>
    </ClInclude>
    <ClInclude Include="..\Libraries\Raknet\include\SendToThread.h">
      <Filter>Raknet</Filter>
    </ClInclude>
    <ClInclude Include="..\Libraries\Raknet\include\SHA1.h">
      <Filter>Raknet</Filter>
    </ClInclude>
    <ClInclude Include="..\Libraries\Raknet\include\SignaledEvent.h">
      <Filter>Raknet</Filter>
    </ClInclude>
    <ClInclude Include="..\Libraries\Raknet\include\SimpleMutex.h">
      <Filter>Raknet</Filter>
    </ClInclude>
    <ClInclude Include="..\Libraries\Raknet\include\SimpleTCPServer.h">
      <Filter>Raknet</Filter>
    </ClInclude>
    <ClInclude Include="..\Libraries\Raknet\include\SingleProducerConsumer.h">
      <Filter>Raknet</Filter>
    </ClInclude>
    <ClInclude Include="..\Libraries\Raknet\include\SocketDefines.h">
      <Filter>Raknet</Filter>
    </ClInclude>
    <ClInclude Include="..\Libraries\Raknet\include\SocketIncludes.h">
      <Filter>Raknet</Filter>
    </ClInclude>
    <ClInclude Include="..\Libraries\Raknet\include\SocketLayer.h">
      <Filter>Raknet</Filter>
    </ClInclude>
    <ClInclude Include="..\Libraries\Raknet\include\StatisticsHistory.h">
      <Filter>Raknet</Filter>
    </ClInclude>
    <ClInclude Include="..\Libraries\Raknet\include\StringCompressor.h">
      <Filter>Raknet</Filter>
    </ClInclude>
    <ClInclude Include="..\Libraries\Raknet\include\StringTable.h">
      <Filter>Raknet</Filter>
    </ClInclude>
    <ClInclude Include="..\Libraries\Raknet\include\SuperFastHash.h">
      <Filter>Raknet</Filter>
    </ClInclude>
    <ClInclude Include="..\Libraries\Raknet\include\TableSerializer.h">
      <Filter>Raknet</Filter>
    </ClInclude>
    <ClInclude Include="..\Libraries\Raknet\include\TCPInterface.h">
      <Filter>Raknet</Filter>
    </ClInclude>
    <ClInclude Include="..\Libraries\Raknet\include\TeamBalancer.h">
      <Filter>Raknet</Filter>
    </ClInclude>
    <ClInclude Include="..\Libraries\Raknet\include\TeamManager.h">
      <Filter>Raknet</Filter>
    </ClInclude>
    <ClInclude Include="..\Libraries\Raknet\include\TelnetTransport.h">
      <Filter>Raknet</Filter>
    </ClInclude>
    <ClInclude Include="..\Libraries\Raknet\include\ThreadPool.h">
      <Filter>Raknet</Filter>
    </ClInclude>
    <ClInclude Include="..\Libraries\Raknet\include\ThreadsafePacketLogger.h">
      <Filter>Raknet</Filter>
    </ClInclude>
    <ClInclude Include="..\Libraries\Raknet\include\TransportInterface.h">
      <Filter>Raknet</Filter>
    </ClInclude>
    <ClInclude Include="..\Libraries\Raknet\include\TwoWayAuthentication.h">
      <Filter>Raknet</Filter>
    </ClInclude>
    <ClInclude Include="..\Libraries\Raknet\include\UDPForwarder.h">
      <Filter>Raknet</Filter>
    </ClInclude>
    <ClInclude Include="..\Libraries\Raknet\include\UDPProxyClient.h">
      <Filter>Raknet</Filter>
    </ClInclude>
    <ClInclude Include="..\Libraries\Raknet\include\UDPProxyCommon.h">
      <Filter>Raknet</Filter>
    </ClInclude>
    <ClInclude Include="..\Libraries\Raknet\include\UDPProxyCoordinator.h">
      <Filter>Raknet</Filter>
    </ClInclude>
    <ClInclude Include="..\Libraries\Raknet\include\UDPProxyServer.h">
      <Filter>Raknet</Filter>
    </ClInclude>
    <ClInclude Include="..\Libraries\Raknet\include\VariableDeltaSerializer.h">
      <Filter>Raknet</Filter>
    </ClInclude>
    <ClInclude Include="..\Libraries\Raknet\include\VariableListDeltaTracker.h">
      <Filter>Raknet</Filter>
    </ClInclude>
    <ClInclude Include="..\Libraries\Raknet\include\VariadicSQLParser.h">
      <Filter>Raknet</Filter>
    </ClInclude>
    <ClInclude Include="..\Libraries\Raknet\include\VitaIncludes.h">
      <Filter>Raknet</Filter>
    </ClInclude>
    <ClInclude Include="..\Libraries\Raknet\include\WindowsIncludes.h">
      <Filter>Raknet</Filter>
    </ClInclude>
    <ClInclude Include="..\Libraries\Raknet\include\WSAStartupSingleton.h">
      <Filter>Raknet</Filter>
    </ClInclude>
    <ClInclude Include="..\Libraries\Raknet\include\XBox360Includes.h">
      <Filter>Raknet</Filter>
    </ClInclude>
    <ClInclude Include="faction.h">
      <Filter>Header Files\entities</Filter>
    </ClInclude>
    <ClInclude Include="ui_windows.h">
      <Filter>Header Files\graphics</Filter>
    </ClInclude>
    <ClInclude Include="rapidxml.hpp">
      <Filter>Header Files\utils\rapidxml</Filter>
    </ClInclude>
    <ClInclude Include="rapidxml_print.hpp">
      <Filter>Header Files\utils\rapidxml</Filter>
    </ClInclude>
    <ClInclude Include="server_manager.h">
      <Filter>Header Files\utils</Filter>
    </ClInclude>
    <ClInclude Include="dirent.h">
      <Filter>Header Files\utils</Filter>
    </ClInclude>
    <ClInclude Include="particle_manager.h">
      <Filter>Header Files\graphics</Filter>
    </ClInclude>
    <ClInclude Include="particle_emitter.h">
      <Filter>Header Files\graphics</Filter>
    </ClInclude>
  </ItemGroup>
</Project>